// !$*UTF8*$!
{
	archiveVersion = 1;
	classes = {
	};
	objectVersion = 56;
	objects = {

/* Begin PBXBuildFile section */
		D02617EF2975F50400E21053 /* Hear_YinzApp.swift in Sources */ = {isa = PBXBuildFile; fileRef = D02617EE2975F50400E21053 /* Hear_YinzApp.swift */; };
		D02617F12975F50400E21053 /* ContentView.swift in Sources */ = {isa = PBXBuildFile; fileRef = D02617F02975F50400E21053 /* ContentView.swift */; };
		D02617F32975F50500E21053 /* Assets.xcassets in Resources */ = {isa = PBXBuildFile; fileRef = D02617F22975F50500E21053 /* Assets.xcassets */; };
		D02617F62975F50500E21053 /* Preview Assets.xcassets in Resources */ = {isa = PBXBuildFile; fileRef = D02617F52975F50500E21053 /* Preview Assets.xcassets */; };
		D02618002975F50500E21053 /* Hear_YinzTests.swift in Sources */ = {isa = PBXBuildFile; fileRef = D02617FF2975F50500E21053 /* Hear_YinzTests.swift */; };
		D026180A2975F50500E21053 /* Hear_YinzUITests.swift in Sources */ = {isa = PBXBuildFile; fileRef = D02618092975F50500E21053 /* Hear_YinzUITests.swift */; };
		D026180C2975F50500E21053 /* Hear_YinzUITestsLaunchTests.swift in Sources */ = {isa = PBXBuildFile; fileRef = D026180B2975F50500E21053 /* Hear_YinzUITestsLaunchTests.swift */; };
/* End PBXBuildFile section */

/* Begin PBXContainerItemProxy section */
		D02617FC2975F50500E21053 /* PBXContainerItemProxy */ = {
			isa = PBXContainerItemProxy;
			containerPortal = D02617E32975F50300E21053 /* Project object */;
			proxyType = 1;
			remoteGlobalIDString = D02617EA2975F50400E21053;
			remoteInfo = "Hear-Yinz";
		};
		D02618062975F50500E21053 /* PBXContainerItemProxy */ = {
			isa = PBXContainerItemProxy;
			containerPortal = D02617E32975F50300E21053 /* Project object */;
			proxyType = 1;
			remoteGlobalIDString = D02617EA2975F50400E21053;
			remoteInfo = "Hear-Yinz";
		};
/* End PBXContainerItemProxy section */

/* Begin PBXFileReference section */
		D02617EB2975F50400E21053 /* Hear-Yinz.app */ = {isa = PBXFileReference; explicitFileType = wrapper.application; includeInIndex = 0; path = "Hear-Yinz.app"; sourceTree = BUILT_PRODUCTS_DIR; };
		D02617EE2975F50400E21053 /* Hear_YinzApp.swift */ = {isa = PBXFileReference; lastKnownFileType = sourcecode.swift; path = Hear_YinzApp.swift; sourceTree = "<group>"; };
		D02617F02975F50400E21053 /* ContentView.swift */ = {isa = PBXFileReference; lastKnownFileType = sourcecode.swift; path = ContentView.swift; sourceTree = "<group>"; };
		D02617F22975F50500E21053 /* Assets.xcassets */ = {isa = PBXFileReference; lastKnownFileType = folder.assetcatalog; path = Assets.xcassets; sourceTree = "<group>"; };
		D02617F52975F50500E21053 /* Preview Assets.xcassets */ = {isa = PBXFileReference; lastKnownFileType = folder.assetcatalog; path = "Preview Assets.xcassets"; sourceTree = "<group>"; };
		D02617FB2975F50500E21053 /* Hear-YinzTests.xctest */ = {isa = PBXFileReference; explicitFileType = wrapper.cfbundle; includeInIndex = 0; path = "Hear-YinzTests.xctest"; sourceTree = BUILT_PRODUCTS_DIR; };
		D02617FF2975F50500E21053 /* Hear_YinzTests.swift */ = {isa = PBXFileReference; lastKnownFileType = sourcecode.swift; path = Hear_YinzTests.swift; sourceTree = "<group>"; };
		D02618052975F50500E21053 /* Hear-YinzUITests.xctest */ = {isa = PBXFileReference; explicitFileType = wrapper.cfbundle; includeInIndex = 0; path = "Hear-YinzUITests.xctest"; sourceTree = BUILT_PRODUCTS_DIR; };
		D02618092975F50500E21053 /* Hear_YinzUITests.swift */ = {isa = PBXFileReference; lastKnownFileType = sourcecode.swift; path = Hear_YinzUITests.swift; sourceTree = "<group>"; };
		D026180B2975F50500E21053 /* Hear_YinzUITestsLaunchTests.swift */ = {isa = PBXFileReference; lastKnownFileType = sourcecode.swift; path = Hear_YinzUITestsLaunchTests.swift; sourceTree = "<group>"; };
/* End PBXFileReference section */

/* Begin PBXFrameworksBuildPhase section */
		D02617E82975F50400E21053 /* Frameworks */ = {
			isa = PBXFrameworksBuildPhase;
			buildActionMask = 2147483647;
			files = (
			);
			runOnlyForDeploymentPostprocessing = 0;
		};
		D02617F82975F50500E21053 /* Frameworks */ = {
			isa = PBXFrameworksBuildPhase;
			buildActionMask = 2147483647;
			files = (
			);
			runOnlyForDeploymentPostprocessing = 0;
		};
		D02618022975F50500E21053 /* Frameworks */ = {
			isa = PBXFrameworksBuildPhase;
			buildActionMask = 2147483647;
			files = (
			);
			runOnlyForDeploymentPostprocessing = 0;
		};
/* End PBXFrameworksBuildPhase section */

/* Begin PBXGroup section */
		D02617E22975F50300E21053 = {
			isa = PBXGroup;
			children = (
				D02617ED2975F50400E21053 /* Hear-Yinz */,
				D02617FE2975F50500E21053 /* Hear-YinzTests */,
				D02618082975F50500E21053 /* Hear-YinzUITests */,
				D02617EC2975F50400E21053 /* Products */,
			);
			sourceTree = "<group>";
		};
		D02617EC2975F50400E21053 /* Products */ = {
			isa = PBXGroup;
			children = (
				D02617EB2975F50400E21053 /* Hear-Yinz.app */,
				D02617FB2975F50500E21053 /* Hear-YinzTests.xctest */,
				D02618052975F50500E21053 /* Hear-YinzUITests.xctest */,
			);
			name = Products;
			sourceTree = "<group>";
		};
		D02617ED2975F50400E21053 /* Hear-Yinz */ = {
			isa = PBXGroup;
			children = (
				D02617EE2975F50400E21053 /* Hear_YinzApp.swift */,
				D02617F02975F50400E21053 /* ContentView.swift */,
				D02617F22975F50500E21053 /* Assets.xcassets */,
				D02617F42975F50500E21053 /* Preview Content */,
			);
			path = "Hear-Yinz";
			sourceTree = "<group>";
		};
		D02617F42975F50500E21053 /* Preview Content */ = {
			isa = PBXGroup;
			children = (
				D02617F52975F50500E21053 /* Preview Assets.xcassets */,
			);
			path = "Preview Content";
			sourceTree = "<group>";
		};
		D02617FE2975F50500E21053 /* Hear-YinzTests */ = {
			isa = PBXGroup;
			children = (
				D02617FF2975F50500E21053 /* Hear_YinzTests.swift */,
			);
			path = "Hear-YinzTests";
			sourceTree = "<group>";
		};
		D02618082975F50500E21053 /* Hear-YinzUITests */ = {
			isa = PBXGroup;
			children = (
				D02618092975F50500E21053 /* Hear_YinzUITests.swift */,
				D026180B2975F50500E21053 /* Hear_YinzUITestsLaunchTests.swift */,
			);
			path = "Hear-YinzUITests";
			sourceTree = "<group>";
		};
/* End PBXGroup section */

/* Begin PBXNativeTarget section */
		D02617EA2975F50400E21053 /* Hear-Yinz */ = {
			isa = PBXNativeTarget;
			buildConfigurationList = D026180F2975F50500E21053 /* Build configuration list for PBXNativeTarget "Hear-Yinz" */;
			buildPhases = (
				D02617E72975F50400E21053 /* Sources */,
				D02617E82975F50400E21053 /* Frameworks */,
				D02617E92975F50400E21053 /* Resources */,
			);
			buildRules = (
			);
			dependencies = (
			);
			name = "Hear-Yinz";
			productName = "Hear-Yinz";
			productReference = D02617EB2975F50400E21053 /* Hear-Yinz.app */;
			productType = "com.apple.product-type.application";
		};
		D02617FA2975F50500E21053 /* Hear-YinzTests */ = {
			isa = PBXNativeTarget;
			buildConfigurationList = D02618122975F50500E21053 /* Build configuration list for PBXNativeTarget "Hear-YinzTests" */;
			buildPhases = (
				D02617F72975F50500E21053 /* Sources */,
				D02617F82975F50500E21053 /* Frameworks */,
				D02617F92975F50500E21053 /* Resources */,
			);
			buildRules = (
			);
			dependencies = (
				D02617FD2975F50500E21053 /* PBXTargetDependency */,
			);
			name = "Hear-YinzTests";
			productName = "Hear-YinzTests";
			productReference = D02617FB2975F50500E21053 /* Hear-YinzTests.xctest */;
			productType = "com.apple.product-type.bundle.unit-test";
		};
		D02618042975F50500E21053 /* Hear-YinzUITests */ = {
			isa = PBXNativeTarget;
			buildConfigurationList = D02618152975F50500E21053 /* Build configuration list for PBXNativeTarget "Hear-YinzUITests" */;
			buildPhases = (
				D02618012975F50500E21053 /* Sources */,
				D02618022975F50500E21053 /* Frameworks */,
				D02618032975F50500E21053 /* Resources */,
			);
			buildRules = (
			);
			dependencies = (
				D02618072975F50500E21053 /* PBXTargetDependency */,
			);
			name = "Hear-YinzUITests";
			productName = "Hear-YinzUITests";
			productReference = D02618052975F50500E21053 /* Hear-YinzUITests.xctest */;
			productType = "com.apple.product-type.bundle.ui-testing";
		};
/* End PBXNativeTarget section */

/* Begin PBXProject section */
		D02617E32975F50300E21053 /* Project object */ = {
			isa = PBXProject;
			attributes = {
				BuildIndependentTargetsInParallel = 1;
				LastSwiftUpdateCheck = 1420;
				LastUpgradeCheck = 1420;
				TargetAttributes = {
					D02617EA2975F50400E21053 = {
						CreatedOnToolsVersion = 14.2;
					};
					D02617FA2975F50500E21053 = {
						CreatedOnToolsVersion = 14.2;
						TestTargetID = D02617EA2975F50400E21053;
					};
					D02618042975F50500E21053 = {
						CreatedOnToolsVersion = 14.2;
						TestTargetID = D02617EA2975F50400E21053;
					};
				};
			};
			buildConfigurationList = D02617E62975F50300E21053 /* Build configuration list for PBXProject "Hear-Yinz" */;
			compatibilityVersion = "Xcode 14.0";
			developmentRegion = en;
			hasScannedForEncodings = 0;
			knownRegions = (
				en,
				Base,
			);
			mainGroup = D02617E22975F50300E21053;
			productRefGroup = D02617EC2975F50400E21053 /* Products */;
			projectDirPath = "";
			projectRoot = "";
			targets = (
				D02617EA2975F50400E21053 /* Hear-Yinz */,
				D02617FA2975F50500E21053 /* Hear-YinzTests */,
				D02618042975F50500E21053 /* Hear-YinzUITests */,
			);
		};
/* End PBXProject section */

/* Begin PBXResourcesBuildPhase section */
		D02617E92975F50400E21053 /* Resources */ = {
			isa = PBXResourcesBuildPhase;
			buildActionMask = 2147483647;
			files = (
				D02617F62975F50500E21053 /* Preview Assets.xcassets in Resources */,
				D02617F32975F50500E21053 /* Assets.xcassets in Resources */,
			);
			runOnlyForDeploymentPostprocessing = 0;
		};
		D02617F92975F50500E21053 /* Resources */ = {
			isa = PBXResourcesBuildPhase;
			buildActionMask = 2147483647;
			files = (
			);
			runOnlyForDeploymentPostprocessing = 0;
		};
		D02618032975F50500E21053 /* Resources */ = {
			isa = PBXResourcesBuildPhase;
			buildActionMask = 2147483647;
			files = (
			);
			runOnlyForDeploymentPostprocessing = 0;
		};
/* End PBXResourcesBuildPhase section */

/* Begin PBXSourcesBuildPhase section */
		D02617E72975F50400E21053 /* Sources */ = {
			isa = PBXSourcesBuildPhase;
			buildActionMask = 2147483647;
			files = (
				D02617F12975F50400E21053 /* ContentView.swift in Sources */,
				D02617EF2975F50400E21053 /* Hear_YinzApp.swift in Sources */,
			);
			runOnlyForDeploymentPostprocessing = 0;
		};
		D02617F72975F50500E21053 /* Sources */ = {
			isa = PBXSourcesBuildPhase;
			buildActionMask = 2147483647;
			files = (
				D02618002975F50500E21053 /* Hear_YinzTests.swift in Sources */,
			);
			runOnlyForDeploymentPostprocessing = 0;
		};
		D02618012975F50500E21053 /* Sources */ = {
			isa = PBXSourcesBuildPhase;
			buildActionMask = 2147483647;
			files = (
				D026180C2975F50500E21053 /* Hear_YinzUITestsLaunchTests.swift in Sources */,
				D026180A2975F50500E21053 /* Hear_YinzUITests.swift in Sources */,
			);
			runOnlyForDeploymentPostprocessing = 0;
		};
/* End PBXSourcesBuildPhase section */

/* Begin PBXTargetDependency section */
		D02617FD2975F50500E21053 /* PBXTargetDependency */ = {
			isa = PBXTargetDependency;
			target = D02617EA2975F50400E21053 /* Hear-Yinz */;
			targetProxy = D02617FC2975F50500E21053 /* PBXContainerItemProxy */;
		};
		D02618072975F50500E21053 /* PBXTargetDependency */ = {
			isa = PBXTargetDependency;
			target = D02617EA2975F50400E21053 /* Hear-Yinz */;
			targetProxy = D02618062975F50500E21053 /* PBXContainerItemProxy */;
		};
/* End PBXTargetDependency section */

/* Begin XCBuildConfiguration section */
		D026180D2975F50500E21053 /* Debug */ = {
			isa = XCBuildConfiguration;
			buildSettings = {
				ALWAYS_SEARCH_USER_PATHS = NO;
				CLANG_ANALYZER_NONNULL = YES;
				CLANG_ANALYZER_NUMBER_OBJECT_CONVERSION = YES_AGGRESSIVE;
				CLANG_CXX_LANGUAGE_STANDARD = "gnu++20";
				CLANG_ENABLE_MODULES = YES;
				CLANG_ENABLE_OBJC_ARC = YES;
				CLANG_ENABLE_OBJC_WEAK = YES;
				CLANG_WARN_BLOCK_CAPTURE_AUTORELEASING = YES;
				CLANG_WARN_BOOL_CONVERSION = YES;
				CLANG_WARN_COMMA = YES;
				CLANG_WARN_CONSTANT_CONVERSION = YES;
				CLANG_WARN_DEPRECATED_OBJC_IMPLEMENTATIONS = YES;
				CLANG_WARN_DIRECT_OBJC_ISA_USAGE = YES_ERROR;
				CLANG_WARN_DOCUMENTATION_COMMENTS = YES;
				CLANG_WARN_EMPTY_BODY = YES;
				CLANG_WARN_ENUM_CONVERSION = YES;
				CLANG_WARN_INFINITE_RECURSION = YES;
				CLANG_WARN_INT_CONVERSION = YES;
				CLANG_WARN_NON_LITERAL_NULL_CONVERSION = YES;
				CLANG_WARN_OBJC_IMPLICIT_RETAIN_SELF = YES;
				CLANG_WARN_OBJC_LITERAL_CONVERSION = YES;
				CLANG_WARN_OBJC_ROOT_CLASS = YES_ERROR;
				CLANG_WARN_QUOTED_INCLUDE_IN_FRAMEWORK_HEADER = YES;
				CLANG_WARN_RANGE_LOOP_ANALYSIS = YES;
				CLANG_WARN_STRICT_PROTOTYPES = YES;
				CLANG_WARN_SUSPICIOUS_MOVE = YES;
				CLANG_WARN_UNGUARDED_AVAILABILITY = YES_AGGRESSIVE;
				CLANG_WARN_UNREACHABLE_CODE = YES;
				CLANG_WARN__DUPLICATE_METHOD_MATCH = YES;
				COPY_PHASE_STRIP = NO;
				DEBUG_INFORMATION_FORMAT = dwarf;
				ENABLE_STRICT_OBJC_MSGSEND = YES;
				ENABLE_TESTABILITY = YES;
				GCC_C_LANGUAGE_STANDARD = gnu11;
				GCC_DYNAMIC_NO_PIC = NO;
				GCC_NO_COMMON_BLOCKS = YES;
				GCC_OPTIMIZATION_LEVEL = 0;
				GCC_PREPROCESSOR_DEFINITIONS = (
					"DEBUG=1",
					"$(inherited)",
				);
				GCC_WARN_64_TO_32_BIT_CONVERSION = YES;
				GCC_WARN_ABOUT_RETURN_TYPE = YES_ERROR;
				GCC_WARN_UNDECLARED_SELECTOR = YES;
				GCC_WARN_UNINITIALIZED_AUTOS = YES_AGGRESSIVE;
				GCC_WARN_UNUSED_FUNCTION = YES;
				GCC_WARN_UNUSED_VARIABLE = YES;
				IPHONEOS_DEPLOYMENT_TARGET = 16.2;
				MTL_ENABLE_DEBUG_INFO = INCLUDE_SOURCE;
				MTL_FAST_MATH = YES;
				ONLY_ACTIVE_ARCH = YES;
				SDKROOT = iphoneos;
				SWIFT_ACTIVE_COMPILATION_CONDITIONS = DEBUG;
				SWIFT_OPTIMIZATION_LEVEL = "-Onone";
			};
			name = Debug;
		};
		D026180E2975F50500E21053 /* Release */ = {
			isa = XCBuildConfiguration;
			buildSettings = {
				ALWAYS_SEARCH_USER_PATHS = NO;
				CLANG_ANALYZER_NONNULL = YES;
				CLANG_ANALYZER_NUMBER_OBJECT_CONVERSION = YES_AGGRESSIVE;
				CLANG_CXX_LANGUAGE_STANDARD = "gnu++20";
				CLANG_ENABLE_MODULES = YES;
				CLANG_ENABLE_OBJC_ARC = YES;
				CLANG_ENABLE_OBJC_WEAK = YES;
				CLANG_WARN_BLOCK_CAPTURE_AUTORELEASING = YES;
				CLANG_WARN_BOOL_CONVERSION = YES;
				CLANG_WARN_COMMA = YES;
				CLANG_WARN_CONSTANT_CONVERSION = YES;
				CLANG_WARN_DEPRECATED_OBJC_IMPLEMENTATIONS = YES;
				CLANG_WARN_DIRECT_OBJC_ISA_USAGE = YES_ERROR;
				CLANG_WARN_DOCUMENTATION_COMMENTS = YES;
				CLANG_WARN_EMPTY_BODY = YES;
				CLANG_WARN_ENUM_CONVERSION = YES;
				CLANG_WARN_INFINITE_RECURSION = YES;
				CLANG_WARN_INT_CONVERSION = YES;
				CLANG_WARN_NON_LITERAL_NULL_CONVERSION = YES;
				CLANG_WARN_OBJC_IMPLICIT_RETAIN_SELF = YES;
				CLANG_WARN_OBJC_LITERAL_CONVERSION = YES;
				CLANG_WARN_OBJC_ROOT_CLASS = YES_ERROR;
				CLANG_WARN_QUOTED_INCLUDE_IN_FRAMEWORK_HEADER = YES;
				CLANG_WARN_RANGE_LOOP_ANALYSIS = YES;
				CLANG_WARN_STRICT_PROTOTYPES = YES;
				CLANG_WARN_SUSPICIOUS_MOVE = YES;
				CLANG_WARN_UNGUARDED_AVAILABILITY = YES_AGGRESSIVE;
				CLANG_WARN_UNREACHABLE_CODE = YES;
				CLANG_WARN__DUPLICATE_METHOD_MATCH = YES;
				COPY_PHASE_STRIP = NO;
				DEBUG_INFORMATION_FORMAT = "dwarf-with-dsym";
				ENABLE_NS_ASSERTIONS = NO;
				ENABLE_STRICT_OBJC_MSGSEND = YES;
				GCC_C_LANGUAGE_STANDARD = gnu11;
				GCC_NO_COMMON_BLOCKS = YES;
				GCC_WARN_64_TO_32_BIT_CONVERSION = YES;
				GCC_WARN_ABOUT_RETURN_TYPE = YES_ERROR;
				GCC_WARN_UNDECLARED_SELECTOR = YES;
				GCC_WARN_UNINITIALIZED_AUTOS = YES_AGGRESSIVE;
				GCC_WARN_UNUSED_FUNCTION = YES;
				GCC_WARN_UNUSED_VARIABLE = YES;
				IPHONEOS_DEPLOYMENT_TARGET = 16.2;
				MTL_ENABLE_DEBUG_INFO = NO;
				MTL_FAST_MATH = YES;
				SDKROOT = iphoneos;
				SWIFT_COMPILATION_MODE = wholemodule;
				SWIFT_OPTIMIZATION_LEVEL = "-O";
				VALIDATE_PRODUCT = YES;
			};
			name = Release;
		};
		D02618102975F50500E21053 /* Debug */ = {
			isa = XCBuildConfiguration;
			buildSettings = {
				ASSETCATALOG_COMPILER_APPICON_NAME = AppIcon;
				ASSETCATALOG_COMPILER_GLOBAL_ACCENT_COLOR_NAME = AccentColor;
				CODE_SIGN_STYLE = Automatic;
				CURRENT_PROJECT_VERSION = 1;
				DEVELOPMENT_ASSET_PATHS = "\"Hear-Yinz/Preview Content\"";
				ENABLE_PREVIEWS = YES;
				GENERATE_INFOPLIST_FILE = YES;
				INFOPLIST_KEY_UIApplicationSceneManifest_Generation = YES;
				INFOPLIST_KEY_UIApplicationSupportsIndirectInputEvents = YES;
				INFOPLIST_KEY_UILaunchScreen_Generation = YES;
				INFOPLIST_KEY_UISupportedInterfaceOrientations_iPad = "UIInterfaceOrientationPortrait UIInterfaceOrientationPortraitUpsideDown UIInterfaceOrientationLandscapeLeft UIInterfaceOrientationLandscapeRight";
				INFOPLIST_KEY_UISupportedInterfaceOrientations_iPhone = "UIInterfaceOrientationPortrait UIInterfaceOrientationLandscapeLeft UIInterfaceOrientationLandscapeRight";
				LD_RUNPATH_SEARCH_PATHS = (
					"$(inherited)",
					"@executable_path/Frameworks",
				);
				MARKETING_VERSION = 1.0;
				PRODUCT_BUNDLE_IDENTIFIER = "roundworld.Hear-Yinz";
				PRODUCT_NAME = "$(TARGET_NAME)";
				SWIFT_EMIT_LOC_STRINGS = YES;
				SWIFT_VERSION = 5.0;
				TARGETED_DEVICE_FAMILY = "1,2";
			};
			name = Debug;
		};
		D02618112975F50500E21053 /* Release */ = {
			isa = XCBuildConfiguration;
			buildSettings = {
				ASSETCATALOG_COMPILER_APPICON_NAME = AppIcon;
				ASSETCATALOG_COMPILER_GLOBAL_ACCENT_COLOR_NAME = AccentColor;
				CODE_SIGN_STYLE = Automatic;
				CURRENT_PROJECT_VERSION = 1;
				DEVELOPMENT_ASSET_PATHS = "\"Hear-Yinz/Preview Content\"";
				ENABLE_PREVIEWS = YES;
				GENERATE_INFOPLIST_FILE = YES;
				INFOPLIST_KEY_UIApplicationSceneManifest_Generation = YES;
				INFOPLIST_KEY_UIApplicationSupportsIndirectInputEvents = YES;
				INFOPLIST_KEY_UILaunchScreen_Generation = YES;
				INFOPLIST_KEY_UISupportedInterfaceOrientations_iPad = "UIInterfaceOrientationPortrait UIInterfaceOrientationPortraitUpsideDown UIInterfaceOrientationLandscapeLeft UIInterfaceOrientationLandscapeRight";
				INFOPLIST_KEY_UISupportedInterfaceOrientations_iPhone = "UIInterfaceOrientationPortrait UIInterfaceOrientationLandscapeLeft UIInterfaceOrientationLandscapeRight";
				LD_RUNPATH_SEARCH_PATHS = (
					"$(inherited)",
					"@executable_path/Frameworks",
				);
				MARKETING_VERSION = 1.0;
				PRODUCT_BUNDLE_IDENTIFIER = "roundworld.Hear-Yinz";
				PRODUCT_NAME = "$(TARGET_NAME)";
				SWIFT_EMIT_LOC_STRINGS = YES;
				SWIFT_VERSION = 5.0;
				TARGETED_DEVICE_FAMILY = "1,2";
			};
			name = Release;
		};
		D02618132975F50500E21053 /* Debug */ = {
			isa = XCBuildConfiguration;
			buildSettings = {
				ALWAYS_EMBED_SWIFT_STANDARD_LIBRARIES = YES;
				BUNDLE_LOADER = "$(TEST_HOST)";
				CODE_SIGN_STYLE = Automatic;
				CURRENT_PROJECT_VERSION = 1;
				GENERATE_INFOPLIST_FILE = YES;
				IPHONEOS_DEPLOYMENT_TARGET = 16.2;
				MARKETING_VERSION = 1.0;
				PRODUCT_BUNDLE_IDENTIFIER = "roundworld.Hear-YinzTests";
				PRODUCT_NAME = "$(TARGET_NAME)";
				SWIFT_EMIT_LOC_STRINGS = NO;
				SWIFT_VERSION = 5.0;
				TARGETED_DEVICE_FAMILY = "1,2";
				TEST_HOST = "$(BUILT_PRODUCTS_DIR)/Hear-Yinz.app/$(BUNDLE_EXECUTABLE_FOLDER_PATH)/Hear-Yinz";
			};
			name = Debug;
		};
		D02618142975F50500E21053 /* Release */ = {
			isa = XCBuildConfiguration;
			buildSettings = {
				ALWAYS_EMBED_SWIFT_STANDARD_LIBRARIES = YES;
				BUNDLE_LOADER = "$(TEST_HOST)";
				CODE_SIGN_STYLE = Automatic;
				CURRENT_PROJECT_VERSION = 1;
				GENERATE_INFOPLIST_FILE = YES;
				IPHONEOS_DEPLOYMENT_TARGET = 16.2;
				MARKETING_VERSION = 1.0;
				PRODUCT_BUNDLE_IDENTIFIER = "roundworld.Hear-YinzTests";
				PRODUCT_NAME = "$(TARGET_NAME)";
				SWIFT_EMIT_LOC_STRINGS = NO;
				SWIFT_VERSION = 5.0;
				TARGETED_DEVICE_FAMILY = "1,2";
				TEST_HOST = "$(BUILT_PRODUCTS_DIR)/Hear-Yinz.app/$(BUNDLE_EXECUTABLE_FOLDER_PATH)/Hear-Yinz";
			};
			name = Release;
		};
		D02618162975F50500E21053 /* Debug */ = {
			isa = XCBuildConfiguration;
			buildSettings = {
				ALWAYS_EMBED_SWIFT_STANDARD_LIBRARIES = YES;
				CODE_SIGN_STYLE = Automatic;
				CURRENT_PROJECT_VERSION = 1;
				GENERATE_INFOPLIST_FILE = YES;
				MARKETING_VERSION = 1.0;
				PRODUCT_BUNDLE_IDENTIFIER = "roundworld.Hear-YinzUITests";
				PRODUCT_NAME = "$(TARGET_NAME)";
				SWIFT_EMIT_LOC_STRINGS = NO;
				SWIFT_VERSION = 5.0;
				TARGETED_DEVICE_FAMILY = "1,2";
				TEST_TARGET_NAME = "Hear-Yinz";
			};
			name = Debug;
		};
		D02618172975F50500E21053 /* Release */ = {
			isa = XCBuildConfiguration;
			buildSettings = {
				ALWAYS_EMBED_SWIFT_STANDARD_LIBRARIES = YES;
				CODE_SIGN_STYLE = Automatic;
				CURRENT_PROJECT_VERSION = 1;
				GENERATE_INFOPLIST_FILE = YES;
				MARKETING_VERSION = 1.0;
				PRODUCT_BUNDLE_IDENTIFIER = "roundworld.Hear-YinzUITests";
				PRODUCT_NAME = "$(TARGET_NAME)";
				SWIFT_EMIT_LOC_STRINGS = NO;
				SWIFT_VERSION = 5.0;
				TARGETED_DEVICE_FAMILY = "1,2";
				TEST_TARGET_NAME = "Hear-Yinz";
			};
			name = Release;
		};
/* End XCBuildConfiguration section */

/* Begin XCConfigurationList section */
		D02617E62975F50300E21053 /* Build configuration list for PBXProject "Hear-Yinz" */ = {
			isa = XCConfigurationList;
			buildConfigurations = (
				D026180D2975F50500E21053 /* Debug */,
				D026180E2975F50500E21053 /* Release */,
			);
			defaultConfigurationIsVisible = 0;
			defaultConfigurationName = Release;
		};
		D026180F2975F50500E21053 /* Build configuration list for PBXNativeTarget "Hear-Yinz" */ = {
			isa = XCConfigurationList;
			buildConfigurations = (
				D02618102975F50500E21053 /* Debug */,
				D02618112975F50500E21053 /* Release */,
			);
			defaultConfigurationIsVisible = 0;
			defaultConfigurationName = Release;
		};
		D02618122975F50500E21053 /* Build configuration list for PBXNativeTarget "Hear-YinzTests" */ = {
			isa = XCConfigurationList;
			buildConfigurations = (
				D02618132975F50500E21053 /* Debug */,
				D02618142975F50500E21053 /* Release */,
			);
			defaultConfigurationIsVisible = 0;
			defaultConfigurationName = Release;
		};
		D02618152975F50500E21053 /* Build configuration list for PBXNativeTarget "Hear-YinzUITests" */ = {
			isa = XCConfigurationList;
			buildConfigurations = (
				D02618162975F50500E21053 /* Debug */,
				D02618172975F50500E21053 /* Release */,
			);
			defaultConfigurationIsVisible = 0;
			defaultConfigurationName = Release;
		};
/* End XCConfigurationList section */
	};
	rootObject = D02617E32975F50300E21053 /* Project object */;
}
